PODS:
  - device_info_plus (0.0.1):
    - FlutterMacOS
  - file_picker (0.0.1):
    - FlutterMacOS
  - FlutterMacOS (1.0.0)
  - local_auth_darwin (0.0.1):
    - Flutter
    - FlutterMacOS
  - network_info_plus (0.0.1):
    - FlutterMacOS
  - package_info_plus (0.0.1):
    - FlutterMacOS
  - path_provider_foundation (0.0.1):
    - Flutter
    - FlutterMacOS
  - pdfx (1.0.0):
    - FlutterMacOS
  - shared_preferences_foundation (0.0.1):
    - Flutter
    - FlutterMacOS
  - sqflite_darwin (0.0.4):
    - Flutter
    - FlutterMacOS
  - sqlite3 (3.50.1):
    - sqlite3/common (= 3.50.1)
  - sqlite3/common (3.50.1)
  - sqlite3/dbstatvtab (3.50.1):
    - sqlite3/common
  - sqlite3/fts5 (3.50.1):
    - sqlite3/common
  - sqlite3/math (3.50.1):
    - sqlite3/common
  - sqlite3/perf-threadsafe (3.50.1):
    - sqlite3/common
  - sqlite3/rtree (3.50.1):
    - sqlite3/common
  - sqlite3_flutter_libs (0.0.1):
    - Flutter
    - FlutterMacOS
    - sqlite3 (~> 3.50.1)
    - sqlite3/dbstatvtab
    - sqlite3/fts5
    - sqlite3/math
    - sqlite3/perf-threadsafe
    - sqlite3/rtree
  - url_launcher_macos (0.0.1):
    - FlutterMacOS

DEPENDENCIES:
  - device_info_plus (from `Flutter/ephemeral/.symlinks/plugins/device_info_plus/macos`)
  - file_picker (from `Flutter/ephemeral/.symlinks/plugins/file_picker/macos`)
  - FlutterMacOS (from `Flutter/ephemeral`)
  - local_auth_darwin (from `Flutter/ephemeral/.symlinks/plugins/local_auth_darwin/darwin`)
  - network_info_plus (from `Flutter/ephemeral/.symlinks/plugins/network_info_plus/macos`)
  - package_info_plus (from `Flutter/ephemeral/.symlinks/plugins/package_info_plus/macos`)
  - path_provider_foundation (from `Flutter/ephemeral/.symlinks/plugins/path_provider_foundation/darwin`)
  - pdfx (from `Flutter/ephemeral/.symlinks/plugins/pdfx/macos`)
  - shared_preferences_foundation (from `Flutter/ephemeral/.symlinks/plugins/shared_preferences_foundation/darwin`)
  - sqflite_darwin (from `Flutter/ephemeral/.symlinks/plugins/sqflite_darwin/darwin`)
  - sqlite3_flutter_libs (from `Flutter/ephemeral/.symlinks/plugins/sqlite3_flutter_libs/darwin`)
  - url_launcher_macos (from `Flutter/ephemeral/.symlinks/plugins/url_launcher_macos/macos`)

SPEC REPOS:
  trunk:
    - sqlite3

EXTERNAL SOURCES:
  device_info_plus:
    :path: Flutter/ephemeral/.symlinks/plugins/device_info_plus/macos
  file_picker:
    :path: Flutter/ephemeral/.symlinks/plugins/file_picker/macos
  FlutterMacOS:
    :path: Flutter/ephemeral
  local_auth_darwin:
    :path: Flutter/ephemeral/.symlinks/plugins/local_auth_darwin/darwin
  network_info_plus:
    :path: Flutter/ephemeral/.symlinks/plugins/network_info_plus/macos
  package_info_plus:
    :path: Flutter/ephemeral/.symlinks/plugins/package_info_plus/macos
  path_provider_foundation:
    :path: Flutter/ephemeral/.symlinks/plugins/path_provider_foundation/darwin
  pdfx:
    :path: Flutter/ephemeral/.symlinks/plugins/pdfx/macos
  shared_preferences_foundation:
    :path: Flutter/ephemeral/.symlinks/plugins/shared_preferences_foundation/darwin
  sqflite_darwin:
    :path: Flutter/ephemeral/.symlinks/plugins/sqflite_darwin/darwin
  sqlite3_flutter_libs:
    :path: Flutter/ephemeral/.symlinks/plugins/sqlite3_flutter_libs/darwin
  url_launcher_macos:
    :path: Flutter/ephemeral/.symlinks/plugins/url_launcher_macos/macos

SPEC CHECKSUMS:
  device_info_plus: 4fb280989f669696856f8b129e4a5e3cd6c48f76
  file_picker: 7584aae6fa07a041af2b36a2655122d42f578c1a
  FlutterMacOS: 8f6f14fa908a6fb3fba0cd85dbd81ec4b251fb24
  local_auth_darwin: d2e8c53ef0c4f43c646462e3415432c4dab3ae19
  network_info_plus: e4d4efcc88f6cabc6e19147ffc223c371d191ab6
  package_info_plus: f0052d280d17aa382b932f399edf32507174e870
  path_provider_foundation: 080d55be775b7414fd5a5ef3ac137b97b097e564
  pdfx: 1e79f57f7a6ce2f4a4c30f21fa54d3dc82441b51
  shared_preferences_foundation: 9e1978ff2562383bd5676f64ec4e9aa8fa06a6f7
  sqflite_darwin: 20b2a3a3b70e43edae938624ce550a3cbf66a3d0
  sqlite3: 1d85290c3321153511f6e900ede7a1608718bbd5
  sqlite3_flutter_libs: e7fc8c9ea2200ff3271f08f127842131746b70e2
  url_launcher_macos: 0fba8ddabfc33ce0a9afe7c5fef5aab3d8d2d673

PODFILE CHECKSUM: 7eb978b976557c8c1cd717d8185ec483fd090a82

COCOAPODS: 1.16.2
